
Microsoft Visual Studio Solution File, Format Version 12.00
# Visual Studio 15
VisualStudioVersion = 15.0.26124.0
MinimumVisualStudioVersion = 15.0.26124.0
Project("{2150E333-8FDC-42A3-9474-1A3956D46DE8}") = "src", "src", "{A059FC8C-E140-48A8-B46B-D7A507B62031}"
EndProject
Project("{FAE04EC0-301F-11D3-BF4B-00C04F79EFBC}") = "money", "src\money\money.csproj", "{713447A0-81A6-4EEC-A4DD-608757DCD925}"
EndProject
Project("{2150E333-8FDC-42A3-9474-1A3956D46DE8}") = "tests", "tests", "{2A088DE1-4F8F-43DA-8003-31D73EA2D4A5}"
EndProject
Project("{FAE04EC0-301F-11D3-BF4B-00C04F79EFBC}") = "moneytest", "tests\moneytest\moneytest.csproj", "{7560B9AA-0021-4076-9B51-A44A83A0FB66}"
EndProject
Global
	GlobalSection(SolutionConfigurationPlatforms) = preSolution
		Debug|Any CPU = Debug|Any CPU
		Debug|x64 = Debug|x64
		Debug|x86 = Debug|x86
		Release|Any CPU = Release|Any CPU
		Release|x64 = Release|x64
		Release|x86 = Release|x86
	EndGlobalSection
	GlobalSection(SolutionProperties) = preSolution
		HideSolutionNode = FALSE
	EndGlobalSection
	GlobalSection(ProjectConfigurationPlatforms) = postSolution
		{713447A0-81A6-4EEC-A4DD-608757DCD925}.Debug|Any CPU.ActiveCfg = Debug|Any CPU
		{713447A0-81A6-4EEC-A4DD-608757DCD925}.Debug|Any CPU.Build.0 = Debug|Any CPU
		{713447A0-81A6-4EEC-A4DD-608757DCD925}.Debug|x64.ActiveCfg = Debug|Any CPU
		{713447A0-81A6-4EEC-A4DD-608757DCD925}.Debug|x64.Build.0 = Debug|Any CPU
		{713447A0-81A6-4EEC-A4DD-608757DCD925}.Debug|x86.ActiveCfg = Debug|Any CPU
		{713447A0-81A6-4EEC-A4DD-608757DCD925}.Debug|x86.Build.0 = Debug|Any CPU
		{713447A0-81A6-4EEC-A4DD-608757DCD925}.Release|Any CPU.ActiveCfg = Release|Any CPU
		{713447A0-81A6-4EEC-A4DD-608757DCD925}.Release|Any CPU.Build.0 = Release|Any CPU
		{713447A0-81A6-4EEC-A4DD-608757DCD925}.Release|x64.ActiveCfg = Release|Any CPU
		{713447A0-81A6-4EEC-A4DD-608757DCD925}.Release|x64.Build.0 = Release|Any CPU
		{713447A0-81A6-4EEC-A4DD-608757DCD925}.Release|x86.ActiveCfg = Release|Any CPU
		{713447A0-81A6-4EEC-A4DD-608757DCD925}.Release|x86.Build.0 = Release|Any CPU
		{7560B9AA-0021-4076-9B51-A44A83A0FB66}.Debug|Any CPU.ActiveCfg = Debug|Any CPU
		{7560B9AA-0021-4076-9B51-A44A83A0FB66}.Debug|Any CPU.Build.0 = Debug|Any CPU
		{7560B9AA-0021-4076-9B51-A44A83A0FB66}.Debug|x64.ActiveCfg = Debug|Any CPU
		{7560B9AA-0021-4076-9B51-A44A83A0FB66}.Debug|x64.Build.0 = Debug|Any CPU
		{7560B9AA-0021-4076-9B51-A44A83A0FB66}.Debug|x86.ActiveCfg = Debug|Any CPU
		{7560B9AA-0021-4076-9B51-A44A83A0FB66}.Debug|x86.Build.0 = Debug|Any CPU
		{7560B9AA-0021-4076-9B51-A44A83A0FB66}.Release|Any CPU.ActiveCfg = Release|Any CPU
		{7560B9AA-0021-4076-9B51-A44A83A0FB66}.Release|Any CPU.Build.0 = Release|Any CPU
		{7560B9AA-0021-4076-9B51-A44A83A0FB66}.Release|x64.ActiveCfg = Release|Any CPU
		{7560B9AA-0021-4076-9B51-A44A83A0FB66}.Release|x64.Build.0 = Release|Any CPU
		{7560B9AA-0021-4076-9B51-A44A83A0FB66}.Release|x86.ActiveCfg = Release|Any CPU
		{7560B9AA-0021-4076-9B51-A44A83A0FB66}.Release|x86.Build.0 = Release|Any CPU
	EndGlobalSection
	GlobalSection(NestedProjects) = preSolution
		{713447A0-81A6-4EEC-A4DD-608757DCD925} = {A059FC8C-E140-48A8-B46B-D7A507B62031}
		{7560B9AA-0021-4076-9B51-A44A83A0FB66} = {2A088DE1-4F8F-43DA-8003-31D73EA2D4A5}
	EndGlobalSection
EndGlobal
